
Microsoft Visual Studio Solution File, Format Version 12.00
# Visual Studio Version 17
VisualStudioVersion = 17.0.31903.59
MinimumVisualStudioVersion = 10.0.40219.1
Project("{FAE04EC0-301F-11D3-BF4B-00C04F79EFBC}") = "API", "API\API.csproj", "{8CF3BE51-E68A-4197-A287-EA1FD1D34E1A}"
EndProject
Project("{FAE04EC0-301F-11D3-BF4B-00C04F79EFBC}") = "Application", "Application\Application.csproj", "{5EACD145-A76D-41E2-8A52-4B41B8BFD000}"
EndProject
Project("{FAE04EC0-301F-11D3-BF4B-00C04F79EFBC}") = "Domain", "Domain\Domain.csproj", "{D111F4B0-FE1B-4D5B-9C2F-55C9D11E382B}"
EndProject
Project("{FAE04EC0-301F-11D3-BF4B-00C04F79EFBC}") = "Persistence", "Persistence\Persistence.csproj", "{46A2BEBE-3080-4608-BBB5-C9A3AE0CD86A}"
EndProject
Global
	GlobalSection(SolutionConfigurationPlatforms) = preSolution
		Debug|Any CPU = Debug|Any CPU
		Release|Any CPU = Release|Any CPU
	EndGlobalSection
	GlobalSection(SolutionProperties) = preSolution
		HideSolutionNode = FALSE
	EndGlobalSection
	GlobalSection(ProjectConfigurationPlatforms) = postSolution
		{8CF3BE51-E68A-4197-A287-EA1FD1D34E1A}.Debug|Any CPU.ActiveCfg = Debug|Any CPU
		{8CF3BE51-E68A-4197-A287-EA1FD1D34E1A}.Debug|Any CPU.Build.0 = Debug|Any CPU
		{8CF3BE51-E68A-4197-A287-EA1FD1D34E1A}.Release|Any CPU.ActiveCfg = Release|Any CPU
		{8CF3BE51-E68A-4197-A287-EA1FD1D34E1A}.Release|Any CPU.Build.0 = Release|Any CPU
		{5EACD145-A76D-41E2-8A52-4B41B8BFD000}.Debug|Any CPU.ActiveCfg = Debug|Any CPU
		{5EACD145-A76D-41E2-8A52-4B41B8BFD000}.Debug|Any CPU.Build.0 = Debug|Any CPU
		{5EACD145-A76D-41E2-8A52-4B41B8BFD000}.Release|Any CPU.ActiveCfg = Release|Any CPU
		{5EACD145-A76D-41E2-8A52-4B41B8BFD000}.Release|Any CPU.Build.0 = Release|Any CPU
		{D111F4B0-FE1B-4D5B-9C2F-55C9D11E382B}.Debug|Any CPU.ActiveCfg = Debug|Any CPU
		{D111F4B0-FE1B-4D5B-9C2F-55C9D11E382B}.Debug|Any CPU.Build.0 = Debug|Any CPU
		{D111F4B0-FE1B-4D5B-9C2F-55C9D11E382B}.Release|Any CPU.ActiveCfg = Release|Any CPU
		{D111F4B0-FE1B-4D5B-9C2F-55C9D11E382B}.Release|Any CPU.Build.0 = Release|Any CPU
		{46A2BEBE-3080-4608-BBB5-C9A3AE0CD86A}.Debug|Any CPU.ActiveCfg = Debug|Any CPU
		{46A2BEBE-3080-4608-BBB5-C9A3AE0CD86A}.Debug|Any CPU.Build.0 = Debug|Any CPU
		{46A2BEBE-3080-4608-BBB5-C9A3AE0CD86A}.Release|Any CPU.ActiveCfg = Release|Any CPU
		{46A2BEBE-3080-4608-BBB5-C9A3AE0CD86A}.Release|Any CPU.Build.0 = Release|Any CPU
	EndGlobalSection
EndGlobal
